
Microsoft Visual Studio Solution File, Format Version 12.00
# Visual Studio Version 16
VisualStudioVersion = 16.0.30503.244
MinimumVisualStudioVersion = 10.0.40219.1
Project("{8BC9CEB8-8B4A-11D0-8D11-00A0C91BC942}") = "tinyxml", "tinyxml\tinyxml_lib.vcxproj", "{C406DAEC-0886-4771-8DEA-9D7329B46CC1}"
EndProject
Project("{8BC9CEB8-8B4A-11D0-8D11-00A0C91BC942}") = "FI_File", "FI_File\FI_File.vcxproj", "{857350B1-5B9E-4177-A269-13BC2CB3BB59}"
EndProject
Project("{8BC9CEB8-8B4A-11D0-8D11-00A0C91BC942}") = "DL_Debug", "DL_Debug\DL_Debug.vcxproj", "{996E1CF5-234C-493F-9AF9-E4E099B4B625}"
EndProject
Project("{8BC9CEB8-8B4A-11D0-8D11-00A0C91BC942}") = "CommonUtilities", "CommonUtilities\CommonUtilities.vcxproj", "{D0C7251A-4A6B-407B-BBA9-A899DFD01B4A}"
EndProject
Project("{8BC9CEB8-8B4A-11D0-8D11-00A0C91BC942}") = "Shader Labb 10", "Shader Labb 2\Shader Labb 10.vcxproj", "{A4909FAC-8F90-4E7D-95DE-D0FAFBABC33D}"
EndProject
Project("{2150E333-8FDC-42A3-9474-1A3956D46DE8}") = "Solution Items", "Solution Items", "{BE921EA0-D364-42ED-B1EB-AE8827DEF30A}"
EndProject
Project("{8BC9CEB8-8B4A-11D0-8D11-00A0C91BC942}") = "RenderingAPI", "RenderingAPI\RenderingAPI.vcxproj", "{702488EF-D9D4-4793-8167-A615879FD6EB}"
EndProject
Project("{8BC9CEB8-8B4A-11D0-8D11-00A0C91BC942}") = "3DApp", "3DApp\3DApp.vcxproj", "{D895CB6E-93DC-4F14-96FE-C8F9F83F196B}"
EndProject
Project("{8BC9CEB8-8B4A-11D0-8D11-00A0C91BC942}") = "DX12Wrapper", "DX12Wrapper\DX12Wrapper.vcxproj", "{C5181496-8115-43AF-ABE4-14AEB9317E99}"
EndProject
Global
	GlobalSection(SolutionConfigurationPlatforms) = preSolution
		Debug DLL|Win32 = Debug DLL|Win32
		Debug DLL|x64 = Debug DLL|x64
		Debug Unicode DLL|Win32 = Debug Unicode DLL|Win32
		Debug Unicode DLL|x64 = Debug Unicode DLL|x64
		Debug Unicode|Win32 = Debug Unicode|Win32
		Debug Unicode|x64 = Debug Unicode|x64
		Debug|Win32 = Debug|Win32
		Debug|x64 = Debug|x64
		DX12 Debug|Win32 = DX12 Debug|Win32
		DX12 Debug|x64 = DX12 Debug|x64
		Release DLL|Win32 = Release DLL|Win32
		Release DLL|x64 = Release DLL|x64
		Release Unicode DLL|Win32 = Release Unicode DLL|Win32
		Release Unicode DLL|x64 = Release Unicode DLL|x64
		Release Unicode|Win32 = Release Unicode|Win32
		Release Unicode|x64 = Release Unicode|x64
		Release|Win32 = Release|Win32
		Release|x64 = Release|x64
		Retail DLL|Win32 = Retail DLL|Win32
		Retail DLL|x64 = Retail DLL|x64
		Retail Unicode DLL|Win32 = Retail Unicode DLL|Win32
		Retail Unicode DLL|x64 = Retail Unicode DLL|x64
		Retail Unicode|Win32 = Retail Unicode|Win32
		Retail Unicode|x64 = Retail Unicode|x64
		Retail|Win32 = Retail|Win32
		Retail|x64 = Retail|x64
	EndGlobalSection
	GlobalSection(ProjectConfigurationPlatforms) = postSolution
		{C406DAEC-0886-4771-8DEA-9D7329B46CC1}.Debug DLL|Win32.ActiveCfg = Debug|Win32
		{C406DAEC-0886-4771-8DEA-9D7329B46CC1}.Debug DLL|Win32.Build.0 = Debug|Win32
		{C406DAEC-0886-4771-8DEA-9D7329B46CC1}.Debug DLL|x64.ActiveCfg = Debug|Win32
		{C406DAEC-0886-4771-8DEA-9D7329B46CC1}.Debug Unicode DLL|Win32.ActiveCfg = Debug|Win32
		{C406DAEC-0886-4771-8DEA-9D7329B46CC1}.Debug Unicode DLL|Win32.Build.0 = Debug|Win32
		{C406DAEC-0886-4771-8DEA-9D7329B46CC1}.Debug Unicode DLL|x64.ActiveCfg = Debug|Win32
		{C406DAEC-0886-4771-8DEA-9D7329B46CC1}.Debug Unicode|Win32.ActiveCfg = Debug|Win32
		{C406DAEC-0886-4771-8DEA-9D7329B46CC1}.Debug Unicode|Win32.Build.0 = Debug|Win32
		{C406DAEC-0886-4771-8DEA-9D7329B46CC1}.Debug Unicode|x64.ActiveCfg = Debug|Win32
		{C406DAEC-0886-4771-8DEA-9D7329B46CC1}.Debug|Win32.ActiveCfg = Debug|Win32
		{C406DAEC-0886-4771-8DEA-9D7329B46CC1}.Debug|Win32.Build.0 = Debug|Win32
		{C406DAEC-0886-4771-8DEA-9D7329B46CC1}.Debug|x64.ActiveCfg = Debug|Win32
		{C406DAEC-0886-4771-8DEA-9D7329B46CC1}.DX12 Debug|Win32.ActiveCfg = DX12 Debug|Win32
		{C406DAEC-0886-4771-8DEA-9D7329B46CC1}.DX12 Debug|Win32.Build.0 = DX12 Debug|Win32
		{C406DAEC-0886-4771-8DEA-9D7329B46CC1}.DX12 Debug|x64.ActiveCfg = DX12 Debug|Win32
		{C406DAEC-0886-4771-8DEA-9D7329B46CC1}.Release DLL|Win32.ActiveCfg = Release|Win32
		{C406DAEC-0886-4771-8DEA-9D7329B46CC1}.Release DLL|Win32.Build.0 = Release|Win32
		{C406DAEC-0886-4771-8DEA-9D7329B46CC1}.Release DLL|x64.ActiveCfg = Release|Win32
		{C406DAEC-0886-4771-8DEA-9D7329B46CC1}.Release Unicode DLL|Win32.ActiveCfg = Release|Win32
		{C406DAEC-0886-4771-8DEA-9D7329B46CC1}.Release Unicode DLL|Win32.Build.0 = Release|Win32
		{C406DAEC-0886-4771-8DEA-9D7329B46CC1}.Release Unicode DLL|x64.ActiveCfg = Release|Win32
		{C406DAEC-0886-4771-8DEA-9D7329B46CC1}.Release Unicode|Win32.ActiveCfg = Release|Win32
		{C406DAEC-0886-4771-8DEA-9D7329B46CC1}.Release Unicode|Win32.Build.0 = Release|Win32
		{C406DAEC-0886-4771-8DEA-9D7329B46CC1}.Release Unicode|x64.ActiveCfg = Release|Win32
		{C406DAEC-0886-4771-8DEA-9D7329B46CC1}.Release|Win32.ActiveCfg = Release|Win32
		{C406DAEC-0886-4771-8DEA-9D7329B46CC1}.Release|Win32.Build.0 = Release|Win32
		{C406DAEC-0886-4771-8DEA-9D7329B46CC1}.Release|x64.ActiveCfg = Release|Win32
		{C406DAEC-0886-4771-8DEA-9D7329B46CC1}.Retail DLL|Win32.ActiveCfg = Release|Win32
		{C406DAEC-0886-4771-8DEA-9D7329B46CC1}.Retail DLL|Win32.Build.0 = Release|Win32
		{C406DAEC-0886-4771-8DEA-9D7329B46CC1}.Retail DLL|x64.ActiveCfg = Release|Win32
		{C406DAEC-0886-4771-8DEA-9D7329B46CC1}.Retail Unicode DLL|Win32.ActiveCfg = Release|Win32
		{C406DAEC-0886-4771-8DEA-9D7329B46CC1}.Retail Unicode DLL|Win32.Build.0 = Release|Win32
		{C406DAEC-0886-4771-8DEA-9D7329B46CC1}.Retail Unicode DLL|x64.ActiveCfg = Release|Win32
		{C406DAEC-0886-4771-8DEA-9D7329B46CC1}.Retail Unicode|Win32.ActiveCfg = Release|Win32
		{C406DAEC-0886-4771-8DEA-9D7329B46CC1}.Retail Unicode|Win32.Build.0 = Release|Win32
		{C406DAEC-0886-4771-8DEA-9D7329B46CC1}.Retail Unicode|x64.ActiveCfg = Release|Win32
		{C406DAEC-0886-4771-8DEA-9D7329B46CC1}.Retail|Win32.ActiveCfg = Release|Win32
		{C406DAEC-0886-4771-8DEA-9D7329B46CC1}.Retail|Win32.Build.0 = Release|Win32
		{C406DAEC-0886-4771-8DEA-9D7329B46CC1}.Retail|x64.ActiveCfg = Release|Win32
		{857350B1-5B9E-4177-A269-13BC2CB3BB59}.Debug DLL|Win32.ActiveCfg = Debug|Win32
		{857350B1-5B9E-4177-A269-13BC2CB3BB59}.Debug DLL|Win32.Build.0 = Debug|Win32
		{857350B1-5B9E-4177-A269-13BC2CB3BB59}.Debug DLL|x64.ActiveCfg = Debug|Win32
		{857350B1-5B9E-4177-A269-13BC2CB3BB59}.Debug Unicode DLL|Win32.ActiveCfg = Debug|Win32
		{857350B1-5B9E-4177-A269-13BC2CB3BB59}.Debug Unicode DLL|Win32.Build.0 = Debug|Win32
		{857350B1-5B9E-4177-A269-13BC2CB3BB59}.Debug Unicode DLL|x64.ActiveCfg = Debug|Win32
		{857350B1-5B9E-4177-A269-13BC2CB3BB59}.Debug Unicode|Win32.ActiveCfg = Debug|Win32
		{857350B1-5B9E-4177-A269-13BC2CB3BB59}.Debug Unicode|Win32.Build.0 = Debug|Win32
		{857350B1-5B9E-4177-A269-13BC2CB3BB59}.Debug Unicode|x64.ActiveCfg = Debug|Win32
		{857350B1-5B9E-4177-A269-13BC2CB3BB59}.Debug|Win32.ActiveCfg = Debug|Win32
		{857350B1-5B9E-4177-A269-13BC2CB3BB59}.Debug|Win32.Build.0 = Debug|Win32
		{857350B1-5B9E-4177-A269-13BC2CB3BB59}.Debug|x64.ActiveCfg = Debug|Win32
		{857350B1-5B9E-4177-A269-13BC2CB3BB59}.DX12 Debug|Win32.ActiveCfg = DX12 Debug|Win32
		{857350B1-5B9E-4177-A269-13BC2CB3BB59}.DX12 Debug|Win32.Build.0 = DX12 Debug|Win32
		{857350B1-5B9E-4177-A269-13BC2CB3BB59}.DX12 Debug|x64.ActiveCfg = DX12 Debug|Win32
		{857350B1-5B9E-4177-A269-13BC2CB3BB59}.Release DLL|Win32.ActiveCfg = Release|Win32
		{857350B1-5B9E-4177-A269-13BC2CB3BB59}.Release DLL|Win32.Build.0 = Release|Win32
		{857350B1-5B9E-4177-A269-13BC2CB3BB59}.Release DLL|x64.ActiveCfg = Release|Win32
		{857350B1-5B9E-4177-A269-13BC2CB3BB59}.Release Unicode DLL|Win32.ActiveCfg = Release|Win32
		{857350B1-5B9E-4177-A269-13BC2CB3BB59}.Release Unicode DLL|Win32.Build.0 = Release|Win32
		{857350B1-5B9E-4177-A269-13BC2CB3BB59}.Release Unicode DLL|x64.ActiveCfg = Release|Win32
		{857350B1-5B9E-4177-A269-13BC2CB3BB59}.Release Unicode|Win32.ActiveCfg = Release|Win32
		{857350B1-5B9E-4177-A269-13BC2CB3BB59}.Release Unicode|Win32.Build.0 = Release|Win32
		{857350B1-5B9E-4177-A269-13BC2CB3BB59}.Release Unicode|x64.ActiveCfg = Release|Win32
		{857350B1-5B9E-4177-A269-13BC2CB3BB59}.Release|Win32.ActiveCfg = Release|Win32
		{857350B1-5B9E-4177-A269-13BC2CB3BB59}.Release|Win32.Build.0 = Release|Win32
		{857350B1-5B9E-4177-A269-13BC2CB3BB59}.Release|x64.ActiveCfg = Release|Win32
		{857350B1-5B9E-4177-A269-13BC2CB3BB59}.Retail DLL|Win32.ActiveCfg = Release|Win32
		{857350B1-5B9E-4177-A269-13BC2CB3BB59}.Retail DLL|Win32.Build.0 = Release|Win32
		{857350B1-5B9E-4177-A269-13BC2CB3BB59}.Retail DLL|x64.ActiveCfg = Release|Win32
		{857350B1-5B9E-4177-A269-13BC2CB3BB59}.Retail Unicode DLL|Win32.ActiveCfg = Release|Win32
		{857350B1-5B9E-4177-A269-13BC2CB3BB59}.Retail Unicode DLL|Win32.Build.0 = Release|Win32
		{857350B1-5B9E-4177-A269-13BC2CB3BB59}.Retail Unicode DLL|x64.ActiveCfg = Release|Win32
		{857350B1-5B9E-4177-A269-13BC2CB3BB59}.Retail Unicode|Win32.ActiveCfg = Release|Win32
		{857350B1-5B9E-4177-A269-13BC2CB3BB59}.Retail Unicode|Win32.Build.0 = Release|Win32
		{857350B1-5B9E-4177-A269-13BC2CB3BB59}.Retail Unicode|x64.ActiveCfg = Release|Win32
		{857350B1-5B9E-4177-A269-13BC2CB3BB59}.Retail|Win32.ActiveCfg = Release|Win32
		{857350B1-5B9E-4177-A269-13BC2CB3BB59}.Retail|Win32.Build.0 = Release|Win32
		{857350B1-5B9E-4177-A269-13BC2CB3BB59}.Retail|x64.ActiveCfg = Release|Win32
		{996E1CF5-234C-493F-9AF9-E4E099B4B625}.Debug DLL|Win32.ActiveCfg = Debug|Win32
		{996E1CF5-234C-493F-9AF9-E4E099B4B625}.Debug DLL|Win32.Build.0 = Debug|Win32
		{996E1CF5-234C-493F-9AF9-E4E099B4B625}.Debug DLL|x64.ActiveCfg = Debug|Win32
		{996E1CF5-234C-493F-9AF9-E4E099B4B625}.Debug Unicode DLL|Win32.ActiveCfg = Debug|Win32
		{996E1CF5-234C-493F-9AF9-E4E099B4B625}.Debug Unicode DLL|Win32.Build.0 = Debug|Win32
		{996E1CF5-234C-493F-9AF9-E4E099B4B625}.Debug Unicode DLL|x64.ActiveCfg = Debug|Win32
		{996E1CF5-234C-493F-9AF9-E4E099B4B625}.Debug Unicode|Win32.ActiveCfg = Debug|Win32
		{996E1CF5-234C-493F-9AF9-E4E099B4B625}.Debug Unicode|Win32.Build.0 = Debug|Win32
		{996E1CF5-234C-493F-9AF9-E4E099B4B625}.Debug Unicode|x64.ActiveCfg = Debug|Win32
		{996E1CF5-234C-493F-9AF9-E4E099B4B625}.Debug|Win32.ActiveCfg = Debug|Win32
		{996E1CF5-234C-493F-9AF9-E4E099B4B625}.Debug|Win32.Build.0 = Debug|Win32
		{996E1CF5-234C-493F-9AF9-E4E099B4B625}.Debug|x64.ActiveCfg = Debug|Win32
		{996E1CF5-234C-493F-9AF9-E4E099B4B625}.DX12 Debug|Win32.ActiveCfg = DX12 Debug|Win32
		{996E1CF5-234C-493F-9AF9-E4E099B4B625}.DX12 Debug|Win32.Build.0 = DX12 Debug|Win32
		{996E1CF5-234C-493F-9AF9-E4E099B4B625}.DX12 Debug|x64.ActiveCfg = DX12 Debug|Win32
		{996E1CF5-234C-493F-9AF9-E4E099B4B625}.Release DLL|Win32.ActiveCfg = Release|Win32
		{996E1CF5-234C-493F-9AF9-E4E099B4B625}.Release DLL|Win32.Build.0 = Release|Win32
		{996E1CF5-234C-493F-9AF9-E4E099B4B625}.Release DLL|x64.ActiveCfg = Release|Win32
		{996E1CF5-234C-493F-9AF9-E4E099B4B625}.Release Unicode DLL|Win32.ActiveCfg = Release|Win32
		{996E1CF5-234C-493F-9AF9-E4E099B4B625}.Release Unicode DLL|Win32.Build.0 = Release|Win32
		{996E1CF5-234C-493F-9AF9-E4E099B4B625}.Release Unicode DLL|x64.ActiveCfg = Release|Win32
		{996E1CF5-234C-493F-9AF9-E4E099B4B625}.Release Unicode|Win32.ActiveCfg = Release|Win32
		{996E1CF5-234C-493F-9AF9-E4E099B4B625}.Release Unicode|Win32.Build.0 = Release|Win32
		{996E1CF5-234C-493F-9AF9-E4E099B4B625}.Release Unicode|x64.ActiveCfg = Release|Win32
		{996E1CF5-234C-493F-9AF9-E4E099B4B625}.Release|Win32.ActiveCfg = Release|Win32
		{996E1CF5-234C-493F-9AF9-E4E099B4B625}.Release|Win32.Build.0 = Release|Win32
		{996E1CF5-234C-493F-9AF9-E4E099B4B625}.Release|x64.ActiveCfg = Release|Win32
		{996E1CF5-234C-493F-9AF9-E4E099B4B625}.Retail DLL|Win32.ActiveCfg = Release|Win32
		{996E1CF5-234C-493F-9AF9-E4E099B4B625}.Retail DLL|Win32.Build.0 = Release|Win32
		{996E1CF5-234C-493F-9AF9-E4E099B4B625}.Retail DLL|x64.ActiveCfg = Release|Win32
		{996E1CF5-234C-493F-9AF9-E4E099B4B625}.Retail Unicode DLL|Win32.ActiveCfg = Release|Win32
		{996E1CF5-234C-493F-9AF9-E4E099B4B625}.Retail Unicode DLL|Win32.Build.0 = Release|Win32
		{996E1CF5-234C-493F-9AF9-E4E099B4B625}.Retail Unicode DLL|x64.ActiveCfg = Release|Win32
		{996E1CF5-234C-493F-9AF9-E4E099B4B625}.Retail Unicode|Win32.ActiveCfg = Release|Win32
		{996E1CF5-234C-493F-9AF9-E4E099B4B625}.Retail Unicode|Win32.Build.0 = Release|Win32
		{996E1CF5-234C-493F-9AF9-E4E099B4B625}.Retail Unicode|x64.ActiveCfg = Release|Win32
		{996E1CF5-234C-493F-9AF9-E4E099B4B625}.Retail|Win32.ActiveCfg = Release|Win32
		{996E1CF5-234C-493F-9AF9-E4E099B4B625}.Retail|Win32.Build.0 = Release|Win32
		{996E1CF5-234C-493F-9AF9-E4E099B4B625}.Retail|x64.ActiveCfg = Release|Win32
		{D0C7251A-4A6B-407B-BBA9-A899DFD01B4A}.Debug DLL|Win32.ActiveCfg = Debug|Win32
		{D0C7251A-4A6B-407B-BBA9-A899DFD01B4A}.Debug DLL|Win32.Build.0 = Debug|Win32
		{D0C7251A-4A6B-407B-BBA9-A899DFD01B4A}.Debug DLL|x64.ActiveCfg = Debug|Win32
		{D0C7251A-4A6B-407B-BBA9-A899DFD01B4A}.Debug Unicode DLL|Win32.ActiveCfg = Debug|Win32
		{D0C7251A-4A6B-407B-BBA9-A899DFD01B4A}.Debug Unicode DLL|Win32.Build.0 = Debug|Win32
		{D0C7251A-4A6B-407B-BBA9-A899DFD01B4A}.Debug Unicode DLL|x64.ActiveCfg = Debug|Win32
		{D0C7251A-4A6B-407B-BBA9-A899DFD01B4A}.Debug Unicode|Win32.ActiveCfg = Debug|Win32
		{D0C7251A-4A6B-407B-BBA9-A899DFD01B4A}.Debug Unicode|Win32.Build.0 = Debug|Win32
		{D0C7251A-4A6B-407B-BBA9-A899DFD01B4A}.Debug Unicode|x64.ActiveCfg = Debug|Win32
		{D0C7251A-4A6B-407B-BBA9-A899DFD01B4A}.Debug|Win32.ActiveCfg = Debug|Win32
		{D0C7251A-4A6B-407B-BBA9-A899DFD01B4A}.Debug|Win32.Build.0 = Debug|Win32
		{D0C7251A-4A6B-407B-BBA9-A899DFD01B4A}.Debug|x64.ActiveCfg = Debug|Win32
		{D0C7251A-4A6B-407B-BBA9-A899DFD01B4A}.DX12 Debug|Win32.ActiveCfg = DX12 Debug|Win32
		{D0C7251A-4A6B-407B-BBA9-A899DFD01B4A}.DX12 Debug|Win32.Build.0 = DX12 Debug|Win32
		{D0C7251A-4A6B-407B-BBA9-A899DFD01B4A}.DX12 Debug|x64.ActiveCfg = DX12 Debug|Win32
		{D0C7251A-4A6B-407B-BBA9-A899DFD01B4A}.Release DLL|Win32.ActiveCfg = Release|Win32
		{D0C7251A-4A6B-407B-BBA9-A899DFD01B4A}.Release DLL|Win32.Build.0 = Release|Win32
		{D0C7251A-4A6B-407B-BBA9-A899DFD01B4A}.Release DLL|x64.ActiveCfg = Release|Win32
		{D0C7251A-4A6B-407B-BBA9-A899DFD01B4A}.Release Unicode DLL|Win32.ActiveCfg = Release|Win32
		{D0C7251A-4A6B-407B-BBA9-A899DFD01B4A}.Release Unicode DLL|Win32.Build.0 = Release|Win32
		{D0C7251A-4A6B-407B-BBA9-A899DFD01B4A}.Release Unicode DLL|x64.ActiveCfg = Release|Win32
		{D0C7251A-4A6B-407B-BBA9-A899DFD01B4A}.Release Unicode|Win32.ActiveCfg = Release|Win32
		{D0C7251A-4A6B-407B-BBA9-A899DFD01B4A}.Release Unicode|Win32.Build.0 = Release|Win32
		{D0C7251A-4A6B-407B-BBA9-A899DFD01B4A}.Release Unicode|x64.ActiveCfg = Release|Win32
		{D0C7251A-4A6B-407B-BBA9-A899DFD01B4A}.Release|Win32.ActiveCfg = Release|Win32
		{D0C7251A-4A6B-407B-BBA9-A899DFD01B4A}.Release|Win32.Build.0 = Release|Win32
		{D0C7251A-4A6B-407B-BBA9-A899DFD01B4A}.Release|x64.ActiveCfg = Release|Win32
		{D0C7251A-4A6B-407B-BBA9-A899DFD01B4A}.Retail DLL|Win32.ActiveCfg = Release|Win32
		{D0C7251A-4A6B-407B-BBA9-A899DFD01B4A}.Retail DLL|Win32.Build.0 = Release|Win32
		{D0C7251A-4A6B-407B-BBA9-A899DFD01B4A}.Retail DLL|x64.ActiveCfg = Release|Win32
		{D0C7251A-4A6B-407B-BBA9-A899DFD01B4A}.Retail Unicode DLL|Win32.ActiveCfg = Release|Win32
		{D0C7251A-4A6B-407B-BBA9-A899DFD01B4A}.Retail Unicode DLL|Win32.Build.0 = Release|Win32
		{D0C7251A-4A6B-407B-BBA9-A899DFD01B4A}.Retail Unicode DLL|x64.ActiveCfg = Release|Win32
		{D0C7251A-4A6B-407B-BBA9-A899DFD01B4A}.Retail Unicode|Win32.ActiveCfg = Release|Win32
		{D0C7251A-4A6B-407B-BBA9-A899DFD01B4A}.Retail Unicode|Win32.Build.0 = Release|Win32
		{D0C7251A-4A6B-407B-BBA9-A899DFD01B4A}.Retail Unicode|x64.ActiveCfg = Release|Win32
		{D0C7251A-4A6B-407B-BBA9-A899DFD01B4A}.Retail|Win32.ActiveCfg = Release|Win32
		{D0C7251A-4A6B-407B-BBA9-A899DFD01B4A}.Retail|Win32.Build.0 = Release|Win32
		{D0C7251A-4A6B-407B-BBA9-A899DFD01B4A}.Retail|x64.ActiveCfg = Release|Win32
		{A4909FAC-8F90-4E7D-95DE-D0FAFBABC33D}.Debug DLL|Win32.ActiveCfg = Debug|Win32
		{A4909FAC-8F90-4E7D-95DE-D0FAFBABC33D}.Debug DLL|Win32.Build.0 = Debug|Win32
		{A4909FAC-8F90-4E7D-95DE-D0FAFBABC33D}.Debug DLL|x64.ActiveCfg = Debug|Win32
		{A4909FAC-8F90-4E7D-95DE-D0FAFBABC33D}.Debug DLL|x64.Build.0 = Debug|Win32
		{A4909FAC-8F90-4E7D-95DE-D0FAFBABC33D}.Debug Unicode DLL|Win32.ActiveCfg = Debug|Win32
		{A4909FAC-8F90-4E7D-95DE-D0FAFBABC33D}.Debug Unicode DLL|Win32.Build.0 = Debug|Win32
		{A4909FAC-8F90-4E7D-95DE-D0FAFBABC33D}.Debug Unicode DLL|x64.ActiveCfg = Debug|Win32
		{A4909FAC-8F90-4E7D-95DE-D0FAFBABC33D}.Debug Unicode DLL|x64.Build.0 = Debug|Win32
		{A4909FAC-8F90-4E7D-95DE-D0FAFBABC33D}.Debug Unicode|Win32.ActiveCfg = Debug|Win32
		{A4909FAC-8F90-4E7D-95DE-D0FAFBABC33D}.Debug Unicode|Win32.Build.0 = Debug|Win32
		{A4909FAC-8F90-4E7D-95DE-D0FAFBABC33D}.Debug Unicode|x64.ActiveCfg = Debug|Win32
		{A4909FAC-8F90-4E7D-95DE-D0FAFBABC33D}.Debug Unicode|x64.Build.0 = Debug|Win32
		{A4909FAC-8F90-4E7D-95DE-D0FAFBABC33D}.Debug|Win32.ActiveCfg = Debug|Win32
		{A4909FAC-8F90-4E7D-95DE-D0FAFBABC33D}.Debug|Win32.Build.0 = Debug|Win32
		{A4909FAC-8F90-4E7D-95DE-D0FAFBABC33D}.Debug|x64.ActiveCfg = Debug|Win32
		{A4909FAC-8F90-4E7D-95DE-D0FAFBABC33D}.DX12 Debug|Win32.ActiveCfg = DX12 Debug|Win32
		{A4909FAC-8F90-4E7D-95DE-D0FAFBABC33D}.DX12 Debug|Win32.Build.0 = DX12 Debug|Win32
		{A4909FAC-8F90-4E7D-95DE-D0FAFBABC33D}.DX12 Debug|x64.ActiveCfg = DX12 Debug|Win32
		{A4909FAC-8F90-4E7D-95DE-D0FAFBABC33D}.Release DLL|Win32.ActiveCfg = Release|Win32
		{A4909FAC-8F90-4E7D-95DE-D0FAFBABC33D}.Release DLL|Win32.Build.0 = Release|Win32
		{A4909FAC-8F90-4E7D-95DE-D0FAFBABC33D}.Release DLL|x64.ActiveCfg = Debug|Win32
		{A4909FAC-8F90-4E7D-95DE-D0FAFBABC33D}.Release DLL|x64.Build.0 = Debug|Win32
		{A4909FAC-8F90-4E7D-95DE-D0FAFBABC33D}.Release Unicode DLL|Win32.ActiveCfg = Release|Win32
		{A4909FAC-8F90-4E7D-95DE-D0FAFBABC33D}.Release Unicode DLL|Win32.Build.0 = Release|Win32
		{A4909FAC-8F90-4E7D-95DE-D0FAFBABC33D}.Release Unicode DLL|x64.ActiveCfg = Debug|Win32
		{A4909FAC-8F90-4E7D-95DE-D0FAFBABC33D}.Release Unicode DLL|x64.Build.0 = Debug|Win32
		{A4909FAC-8F90-4E7D-95DE-D0FAFBABC33D}.Release Unicode|Win32.ActiveCfg = Release|Win32
		{A4909FAC-8F90-4E7D-95DE-D0FAFBABC33D}.Release Unicode|Win32.Build.0 = Release|Win32
		{A4909FAC-8F90-4E7D-95DE-D0FAFBABC33D}.Release Unicode|x64.ActiveCfg = Debug|Win32
		{A4909FAC-8F90-4E7D-95DE-D0FAFBABC33D}.Release Unicode|x64.Build.0 = Debug|Win32
		{A4909FAC-8F90-4E7D-95DE-D0FAFBABC33D}.Release|Win32.ActiveCfg = Release|Win32
		{A4909FAC-8F90-4E7D-95DE-D0FAFBABC33D}.Release|Win32.Build.0 = Release|Win32
		{A4909FAC-8F90-4E7D-95DE-D0FAFBABC33D}.Release|x64.ActiveCfg = Release|Win32
		{A4909FAC-8F90-4E7D-95DE-D0FAFBABC33D}.Retail DLL|Win32.ActiveCfg = Release|Win32
		{A4909FAC-8F90-4E7D-95DE-D0FAFBABC33D}.Retail DLL|Win32.Build.0 = Release|Win32
		{A4909FAC-8F90-4E7D-95DE-D0FAFBABC33D}.Retail DLL|x64.ActiveCfg = Debug|Win32
		{A4909FAC-8F90-4E7D-95DE-D0FAFBABC33D}.Retail DLL|x64.Build.0 = Debug|Win32
		{A4909FAC-8F90-4E7D-95DE-D0FAFBABC33D}.Retail Unicode DLL|Win32.ActiveCfg = Release|Win32
		{A4909FAC-8F90-4E7D-95DE-D0FAFBABC33D}.Retail Unicode DLL|Win32.Build.0 = Release|Win32
		{A4909FAC-8F90-4E7D-95DE-D0FAFBABC33D}.Retail Unicode DLL|x64.ActiveCfg = Debug|Win32
		{A4909FAC-8F90-4E7D-95DE-D0FAFBABC33D}.Retail Unicode DLL|x64.Build.0 = Debug|Win32
		{A4909FAC-8F90-4E7D-95DE-D0FAFBABC33D}.Retail Unicode|Win32.ActiveCfg = Release|Win32
		{A4909FAC-8F90-4E7D-95DE-D0FAFBABC33D}.Retail Unicode|Win32.Build.0 = Release|Win32
		{A4909FAC-8F90-4E7D-95DE-D0FAFBABC33D}.Retail Unicode|x64.ActiveCfg = Debug|Win32
		{A4909FAC-8F90-4E7D-95DE-D0FAFBABC33D}.Retail Unicode|x64.Build.0 = Debug|Win32
		{A4909FAC-8F90-4E7D-95DE-D0FAFBABC33D}.Retail|Win32.ActiveCfg = Release|Win32
		{A4909FAC-8F90-4E7D-95DE-D0FAFBABC33D}.Retail|Win32.Build.0 = Release|Win32
		{A4909FAC-8F90-4E7D-95DE-D0FAFBABC33D}.Retail|x64.ActiveCfg = Debug|Win32
		{A4909FAC-8F90-4E7D-95DE-D0FAFBABC33D}.Retail|x64.Build.0 = Debug|Win32
		{702488EF-D9D4-4793-8167-A615879FD6EB}.Debug DLL|Win32.ActiveCfg = Debug|Win32
		{702488EF-D9D4-4793-8167-A615879FD6EB}.Debug DLL|Win32.Build.0 = Debug|Win32
		{702488EF-D9D4-4793-8167-A615879FD6EB}.Debug DLL|x64.ActiveCfg = Debug|x64
		{702488EF-D9D4-4793-8167-A615879FD6EB}.Debug DLL|x64.Build.0 = Debug|x64
		{702488EF-D9D4-4793-8167-A615879FD6EB}.Debug Unicode DLL|Win32.ActiveCfg = Debug|Win32
		{702488EF-D9D4-4793-8167-A615879FD6EB}.Debug Unicode DLL|Win32.Build.0 = Debug|Win32
		{702488EF-D9D4-4793-8167-A615879FD6EB}.Debug Unicode DLL|x64.ActiveCfg = Debug|x64
		{702488EF-D9D4-4793-8167-A615879FD6EB}.Debug Unicode DLL|x64.Build.0 = Debug|x64
		{702488EF-D9D4-4793-8167-A615879FD6EB}.Debug Unicode|Win32.ActiveCfg = Debug|Win32
		{702488EF-D9D4-4793-8167-A615879FD6EB}.Debug Unicode|Win32.Build.0 = Debug|Win32
		{702488EF-D9D4-4793-8167-A615879FD6EB}.Debug Unicode|x64.ActiveCfg = Debug|x64
		{702488EF-D9D4-4793-8167-A615879FD6EB}.Debug Unicode|x64.Build.0 = Debug|x64
		{702488EF-D9D4-4793-8167-A615879FD6EB}.Debug|Win32.ActiveCfg = Debug|Win32
		{702488EF-D9D4-4793-8167-A615879FD6EB}.Debug|Win32.Build.0 = Debug|Win32
		{702488EF-D9D4-4793-8167-A615879FD6EB}.Debug|x64.ActiveCfg = Debug|x64
		{702488EF-D9D4-4793-8167-A615879FD6EB}.Debug|x64.Build.0 = Debug|x64
		{702488EF-D9D4-4793-8167-A615879FD6EB}.DX12 Debug|Win32.ActiveCfg = DX12 Debug|Win32
		{702488EF-D9D4-4793-8167-A615879FD6EB}.DX12 Debug|Win32.Build.0 = DX12 Debug|Win32
		{702488EF-D9D4-4793-8167-A615879FD6EB}.DX12 Debug|x64.ActiveCfg = DX12 Debug|x64
		{702488EF-D9D4-4793-8167-A615879FD6EB}.DX12 Debug|x64.Build.0 = DX12 Debug|x64
		{702488EF-D9D4-4793-8167-A615879FD6EB}.Release DLL|Win32.ActiveCfg = Release|Win32
		{702488EF-D9D4-4793-8167-A615879FD6EB}.Release DLL|Win32.Build.0 = Release|Win32
		{702488EF-D9D4-4793-8167-A615879FD6EB}.Release DLL|x64.ActiveCfg = Release|x64
		{702488EF-D9D4-4793-8167-A615879FD6EB}.Release DLL|x64.Build.0 = Release|x64
		{702488EF-D9D4-4793-8167-A615879FD6EB}.Release Unicode DLL|Win32.ActiveCfg = Release|Win32
		{702488EF-D9D4-4793-8167-A615879FD6EB}.Release Unicode DLL|Win32.Build.0 = Release|Win32
		{702488EF-D9D4-4793-8167-A615879FD6EB}.Release Unicode DLL|x64.ActiveCfg = Release|x64
		{702488EF-D9D4-4793-8167-A615879FD6EB}.Release Unicode DLL|x64.Build.0 = Release|x64
		{702488EF-D9D4-4793-8167-A615879FD6EB}.Release Unicode|Win32.ActiveCfg = Release|Win32
		{702488EF-D9D4-4793-8167-A615879FD6EB}.Release Unicode|Win32.Build.0 = Release|Win32
		{702488EF-D9D4-4793-8167-A615879FD6EB}.Release Unicode|x64.ActiveCfg = Release|x64
		{702488EF-D9D4-4793-8167-A615879FD6EB}.Release Unicode|x64.Build.0 = Release|x64
		{702488EF-D9D4-4793-8167-A615879FD6EB}.Release|Win32.ActiveCfg = Release|Win32
		{702488EF-D9D4-4793-8167-A615879FD6EB}.Release|Win32.Build.0 = Release|Win32
		{702488EF-D9D4-4793-8167-A615879FD6EB}.Release|x64.ActiveCfg = Release|x64
		{702488EF-D9D4-4793-8167-A615879FD6EB}.Release|x64.Build.0 = Release|x64
		{702488EF-D9D4-4793-8167-A615879FD6EB}.Retail DLL|Win32.ActiveCfg = Release|Win32
		{702488EF-D9D4-4793-8167-A615879FD6EB}.Retail DLL|Win32.Build.0 = Release|Win32
		{702488EF-D9D4-4793-8167-A615879FD6EB}.Retail DLL|x64.ActiveCfg = Release|x64
		{702488EF-D9D4-4793-8167-A615879FD6EB}.Retail DLL|x64.Build.0 = Release|x64
		{702488EF-D9D4-4793-8167-A615879FD6EB}.Retail Unicode DLL|Win32.ActiveCfg = Release|Win32
		{702488EF-D9D4-4793-8167-A615879FD6EB}.Retail Unicode DLL|Win32.Build.0 = Release|Win32
		{702488EF-D9D4-4793-8167-A615879FD6EB}.Retail Unicode DLL|x64.ActiveCfg = Release|x64
		{702488EF-D9D4-4793-8167-A615879FD6EB}.Retail Unicode DLL|x64.Build.0 = Release|x64
		{702488EF-D9D4-4793-8167-A615879FD6EB}.Retail Unicode|Win32.ActiveCfg = Release|Win32
		{702488EF-D9D4-4793-8167-A615879FD6EB}.Retail Unicode|Win32.Build.0 = Release|Win32
		{702488EF-D9D4-4793-8167-A615879FD6EB}.Retail Unicode|x64.ActiveCfg = Release|x64
		{702488EF-D9D4-4793-8167-A615879FD6EB}.Retail Unicode|x64.Build.0 = Release|x64
		{702488EF-D9D4-4793-8167-A615879FD6EB}.Retail|Win32.ActiveCfg = Release|Win32
		{702488EF-D9D4-4793-8167-A615879FD6EB}.Retail|Win32.Build.0 = Release|Win32
		{702488EF-D9D4-4793-8167-A615879FD6EB}.Retail|x64.ActiveCfg = Release|x64
		{702488EF-D9D4-4793-8167-A615879FD6EB}.Retail|x64.Build.0 = Release|x64
		{D895CB6E-93DC-4F14-96FE-C8F9F83F196B}.Debug DLL|Win32.ActiveCfg = Debug|Win32
		{D895CB6E-93DC-4F14-96FE-C8F9F83F196B}.Debug DLL|Win32.Build.0 = Debug|Win32
		{D895CB6E-93DC-4F14-96FE-C8F9F83F196B}.Debug DLL|x64.ActiveCfg = Debug|x64
		{D895CB6E-93DC-4F14-96FE-C8F9F83F196B}.Debug DLL|x64.Build.0 = Debug|x64
		{D895CB6E-93DC-4F14-96FE-C8F9F83F196B}.Debug Unicode DLL|Win32.ActiveCfg = Debug|Win32
		{D895CB6E-93DC-4F14-96FE-C8F9F83F196B}.Debug Unicode DLL|Win32.Build.0 = Debug|Win32
		{D895CB6E-93DC-4F14-96FE-C8F9F83F196B}.Debug Unicode DLL|x64.ActiveCfg = Debug|x64
		{D895CB6E-93DC-4F14-96FE-C8F9F83F196B}.Debug Unicode DLL|x64.Build.0 = Debug|x64
		{D895CB6E-93DC-4F14-96FE-C8F9F83F196B}.Debug Unicode|Win32.ActiveCfg = Debug|Win32
		{D895CB6E-93DC-4F14-96FE-C8F9F83F196B}.Debug Unicode|Win32.Build.0 = Debug|Win32
		{D895CB6E-93DC-4F14-96FE-C8F9F83F196B}.Debug Unicode|x64.ActiveCfg = Debug|x64
		{D895CB6E-93DC-4F14-96FE-C8F9F83F196B}.Debug Unicode|x64.Build.0 = Debug|x64
		{D895CB6E-93DC-4F14-96FE-C8F9F83F196B}.Debug|Win32.ActiveCfg = Debug|Win32
		{D895CB6E-93DC-4F14-96FE-C8F9F83F196B}.Debug|Win32.Build.0 = Debug|Win32
		{D895CB6E-93DC-4F14-96FE-C8F9F83F196B}.Debug|x64.ActiveCfg = Debug|x64
		{D895CB6E-93DC-4F14-96FE-C8F9F83F196B}.Debug|x64.Build.0 = Debug|x64
		{D895CB6E-93DC-4F14-96FE-C8F9F83F196B}.DX12 Debug|Win32.ActiveCfg = DX12 Debug|Win32
		{D895CB6E-93DC-4F14-96FE-C8F9F83F196B}.DX12 Debug|Win32.Build.0 = DX12 Debug|Win32
		{D895CB6E-93DC-4F14-96FE-C8F9F83F196B}.DX12 Debug|x64.ActiveCfg = DX12 Debug|x64
		{D895CB6E-93DC-4F14-96FE-C8F9F83F196B}.DX12 Debug|x64.Build.0 = DX12 Debug|x64
		{D895CB6E-93DC-4F14-96FE-C8F9F83F196B}.Release DLL|Win32.ActiveCfg = Release|Win32
		{D895CB6E-93DC-4F14-96FE-C8F9F83F196B}.Release DLL|Win32.Build.0 = Release|Win32
		{D895CB6E-93DC-4F14-96FE-C8F9F83F196B}.Release DLL|x64.ActiveCfg = Release|x64
		{D895CB6E-93DC-4F14-96FE-C8F9F83F196B}.Release DLL|x64.Build.0 = Release|x64
		{D895CB6E-93DC-4F14-96FE-C8F9F83F196B}.Release Unicode DLL|Win32.ActiveCfg = Release|Win32
		{D895CB6E-93DC-4F14-96FE-C8F9F83F196B}.Release Unicode DLL|Win32.Build.0 = Release|Win32
		{D895CB6E-93DC-4F14-96FE-C8F9F83F196B}.Release Unicode DLL|x64.ActiveCfg = Release|x64
		{D895CB6E-93DC-4F14-96FE-C8F9F83F196B}.Release Unicode DLL|x64.Build.0 = Release|x64
		{D895CB6E-93DC-4F14-96FE-C8F9F83F196B}.Release Unicode|Win32.ActiveCfg = Release|Win32
		{D895CB6E-93DC-4F14-96FE-C8F9F83F196B}.Release Unicode|Win32.Build.0 = Release|Win32
		{D895CB6E-93DC-4F14-96FE-C8F9F83F196B}.Release Unicode|x64.ActiveCfg = Release|x64
		{D895CB6E-93DC-4F14-96FE-C8F9F83F196B}.Release Unicode|x64.Build.0 = Release|x64
		{D895CB6E-93DC-4F14-96FE-C8F9F83F196B}.Release|Win32.ActiveCfg = Release|Win32
		{D895CB6E-93DC-4F14-96FE-C8F9F83F196B}.Release|Win32.Build.0 = Release|Win32
		{D895CB6E-93DC-4F14-96FE-C8F9F83F196B}.Release|x64.ActiveCfg = Release|x64
		{D895CB6E-93DC-4F14-96FE-C8F9F83F196B}.Release|x64.Build.0 = Release|x64
		{D895CB6E-93DC-4F14-96FE-C8F9F83F196B}.Retail DLL|Win32.ActiveCfg = Release|Win32
		{D895CB6E-93DC-4F14-96FE-C8F9F83F196B}.Retail DLL|Win32.Build.0 = Release|Win32
		{D895CB6E-93DC-4F14-96FE-C8F9F83F196B}.Retail DLL|x64.ActiveCfg = Release|x64
		{D895CB6E-93DC-4F14-96FE-C8F9F83F196B}.Retail DLL|x64.Build.0 = Release|x64
		{D895CB6E-93DC-4F14-96FE-C8F9F83F196B}.Retail Unicode DLL|Win32.ActiveCfg = Release|Win32
		{D895CB6E-93DC-4F14-96FE-C8F9F83F196B}.Retail Unicode DLL|Win32.Build.0 = Release|Win32
		{D895CB6E-93DC-4F14-96FE-C8F9F83F196B}.Retail Unicode DLL|x64.ActiveCfg = Release|x64
		{D895CB6E-93DC-4F14-96FE-C8F9F83F196B}.Retail Unicode DLL|x64.Build.0 = Release|x64
		{D895CB6E-93DC-4F14-96FE-C8F9F83F196B}.Retail Unicode|Win32.ActiveCfg = Release|Win32
		{D895CB6E-93DC-4F14-96FE-C8F9F83F196B}.Retail Unicode|Win32.Build.0 = Release|Win32
		{D895CB6E-93DC-4F14-96FE-C8F9F83F196B}.Retail Unicode|x64.ActiveCfg = Release|x64
		{D895CB6E-93DC-4F14-96FE-C8F9F83F196B}.Retail Unicode|x64.Build.0 = Release|x64
		{D895CB6E-93DC-4F14-96FE-C8F9F83F196B}.Retail|Win32.ActiveCfg = Release|Win32
		{D895CB6E-93DC-4F14-96FE-C8F9F83F196B}.Retail|Win32.Build.0 = Release|Win32
		{D895CB6E-93DC-4F14-96FE-C8F9F83F196B}.Retail|x64.ActiveCfg = Release|x64
		{D895CB6E-93DC-4F14-96FE-C8F9F83F196B}.Retail|x64.Build.0 = Release|x64
		{C5181496-8115-43AF-ABE4-14AEB9317E99}.Debug DLL|Win32.ActiveCfg = Debug|Win32
		{C5181496-8115-43AF-ABE4-14AEB9317E99}.Debug DLL|Win32.Build.0 = Debug|Win32
		{C5181496-8115-43AF-ABE4-14AEB9317E99}.Debug DLL|x64.ActiveCfg = Debug|x64
		{C5181496-8115-43AF-ABE4-14AEB9317E99}.Debug DLL|x64.Build.0 = Debug|x64
		{C5181496-8115-43AF-ABE4-14AEB9317E99}.Debug Unicode DLL|Win32.ActiveCfg = Debug|Win32
		{C5181496-8115-43AF-ABE4-14AEB9317E99}.Debug Unicode DLL|Win32.Build.0 = Debug|Win32
		{C5181496-8115-43AF-ABE4-14AEB9317E99}.Debug Unicode DLL|x64.ActiveCfg = Debug|x64
		{C5181496-8115-43AF-ABE4-14AEB9317E99}.Debug Unicode DLL|x64.Build.0 = Debug|x64
		{C5181496-8115-43AF-ABE4-14AEB9317E99}.Debug Unicode|Win32.ActiveCfg = Debug|Win32
		{C5181496-8115-43AF-ABE4-14AEB9317E99}.Debug Unicode|Win32.Build.0 = Debug|Win32
		{C5181496-8115-43AF-ABE4-14AEB9317E99}.Debug Unicode|x64.ActiveCfg = Debug|x64
		{C5181496-8115-43AF-ABE4-14AEB9317E99}.Debug Unicode|x64.Build.0 = Debug|x64
		{C5181496-8115-43AF-ABE4-14AEB9317E99}.Debug|Win32.ActiveCfg = Debug|Win32
		{C5181496-8115-43AF-ABE4-14AEB9317E99}.Debug|Win32.Build.0 = Debug|Win32
		{C5181496-8115-43AF-ABE4-14AEB9317E99}.Debug|x64.ActiveCfg = Debug|x64
		{C5181496-8115-43AF-ABE4-14AEB9317E99}.Debug|x64.Build.0 = Debug|x64
		{C5181496-8115-43AF-ABE4-14AEB9317E99}.DX12 Debug|Win32.ActiveCfg = Debug|Win32
		{C5181496-8115-43AF-ABE4-14AEB9317E99}.DX12 Debug|Win32.Build.0 = Debug|Win32
		{C5181496-8115-43AF-ABE4-14AEB9317E99}.DX12 Debug|x64.ActiveCfg = Debug|x64
		{C5181496-8115-43AF-ABE4-14AEB9317E99}.DX12 Debug|x64.Build.0 = Debug|x64
		{C5181496-8115-43AF-ABE4-14AEB9317E99}.Release DLL|Win32.ActiveCfg = Release|Win32
		{C5181496-8115-43AF-ABE4-14AEB9317E99}.Release DLL|Win32.Build.0 = Release|Win32
		{C5181496-8115-43AF-ABE4-14AEB9317E99}.Release DLL|x64.ActiveCfg = Release|x64
		{C5181496-8115-43AF-ABE4-14AEB9317E99}.Release DLL|x64.Build.0 = Release|x64
		{C5181496-8115-43AF-ABE4-14AEB9317E99}.Release Unicode DLL|Win32.ActiveCfg = Release|Win32
		{C5181496-8115-43AF-ABE4-14AEB9317E99}.Release Unicode DLL|Win32.Build.0 = Release|Win32
		{C5181496-8115-43AF-ABE4-14AEB9317E99}.Release Unicode DLL|x64.ActiveCfg = Release|x64
		{C5181496-8115-43AF-ABE4-14AEB9317E99}.Release Unicode DLL|x64.Build.0 = Release|x64
		{C5181496-8115-43AF-ABE4-14AEB9317E99}.Release Unicode|Win32.ActiveCfg = Release|Win32
		{C5181496-8115-43AF-ABE4-14AEB9317E99}.Release Unicode|Win32.Build.0 = Release|Win32
		{C5181496-8115-43AF-ABE4-14AEB9317E99}.Release Unicode|x64.ActiveCfg = Release|x64
		{C5181496-8115-43AF-ABE4-14AEB9317E99}.Release Unicode|x64.Build.0 = Release|x64
		{C5181496-8115-43AF-ABE4-14AEB9317E99}.Release|Win32.ActiveCfg = Release|Win32
		{C5181496-8115-43AF-ABE4-14AEB9317E99}.Release|Win32.Build.0 = Release|Win32
		{C5181496-8115-43AF-ABE4-14AEB9317E99}.Release|x64.ActiveCfg = Release|x64
		{C5181496-8115-43AF-ABE4-14AEB9317E99}.Release|x64.Build.0 = Release|x64
		{C5181496-8115-43AF-ABE4-14AEB9317E99}.Retail DLL|Win32.ActiveCfg = Release|Win32
		{C5181496-8115-43AF-ABE4-14AEB9317E99}.Retail DLL|Win32.Build.0 = Release|Win32
		{C5181496-8115-43AF-ABE4-14AEB9317E99}.Retail DLL|x64.ActiveCfg = Release|x64
		{C5181496-8115-43AF-ABE4-14AEB9317E99}.Retail DLL|x64.Build.0 = Release|x64
		{C5181496-8115-43AF-ABE4-14AEB9317E99}.Retail Unicode DLL|Win32.ActiveCfg = Release|Win32
		{C5181496-8115-43AF-ABE4-14AEB9317E99}.Retail Unicode DLL|Win32.Build.0 = Release|Win32
		{C5181496-8115-43AF-ABE4-14AEB9317E99}.Retail Unicode DLL|x64.ActiveCfg = Release|x64
		{C5181496-8115-43AF-ABE4-14AEB9317E99}.Retail Unicode DLL|x64.Build.0 = Release|x64
		{C5181496-8115-43AF-ABE4-14AEB9317E99}.Retail Unicode|Win32.ActiveCfg = Release|Win32
		{C5181496-8115-43AF-ABE4-14AEB9317E99}.Retail Unicode|Win32.Build.0 = Release|Win32
		{C5181496-8115-43AF-ABE4-14AEB9317E99}.Retail Unicode|x64.ActiveCfg = Release|x64
		{C5181496-8115-43AF-ABE4-14AEB9317E99}.Retail Unicode|x64.Build.0 = Release|x64
		{C5181496-8115-43AF-ABE4-14AEB9317E99}.Retail|Win32.ActiveCfg = Release|Win32
		{C5181496-8115-43AF-ABE4-14AEB9317E99}.Retail|Win32.Build.0 = Release|Win32
		{C5181496-8115-43AF-ABE4-14AEB9317E99}.Retail|x64.ActiveCfg = Release|x64
		{C5181496-8115-43AF-ABE4-14AEB9317E99}.Retail|x64.Build.0 = Release|x64
	EndGlobalSection
	GlobalSection(SolutionProperties) = preSolution
		HideSolutionNode = FALSE
	EndGlobalSection
	GlobalSection(ExtensibilityGlobals) = postSolution
		SolutionGuid = {E0AC269C-DFE6-4B8A-A7DE-183DBEDD416F}
	EndGlobalSection
EndGlobal
