<?xml version="1.0" encoding="utf-8"?>
<Project ToolsVersion="4.0" xmlns="http://schemas.microsoft.com/developer/msbuild/2003">
  <ItemGroup>
    <Filter Include="Macros">
      <UniqueIdentifier>{2a900a72-1890-490c-b706-e49f92c11fb6}</UniqueIdentifier>
    </Filter>
    <Filter Include="Precompiled">
      <UniqueIdentifier>{93995380-89BD-4b04-88EB-625FBE52EBFB}</UniqueIdentifier>
      <Extensions>h;hpp;hxx;hm;inl;inc;xsd</Extensions>
    </Filter>
    <Filter Include="Data Structures">
      <UniqueIdentifier>{0e0b415f-4f28-46d6-93d4-afc9f8db1b7a}</UniqueIdentifier>
    </Filter>
    <Filter Include="Math">
      <UniqueIdentifier>{5aabf612-c4e6-4e22-9e9e-02ddee7160d6}</UniqueIdentifier>
    </Filter>
  </ItemGroup>
  <ItemGroup>
    <ClInclude Include="CommonMacros.h">
      <Filter>Macros</Filter>
    </ClInclude>
    <ClInclude Include="LoopMacros.h">
      <Filter>Macros</Filter>
    </ClInclude>
    <ClInclude Include="stdafx.h">
      <Filter>Precompiled</Filter>
    </ClInclude>
    <ClInclude Include="targetver.h">
      <Filter>Precompiled</Filter>
    </ClInclude>
    <ClInclude Include="HybridArray.h">
      <Filter>Data Structures</Filter>
    </ClInclude>
    <ClInclude Include="CU_Matrix.h">
      <Filter>Math</Filter>
    </ClInclude>
    <ClInclude Include="CU_Vector.h">
      <Filter>Math</Filter>
    </ClInclude>
    <ClInclude Include="CU_VectorMath.h">
      <Filter>Math</Filter>
    </ClInclude>
  </ItemGroup>
  <ItemGroup>
    <ClCompile Include="stdafx.cpp">
      <Filter>Precompiled</Filter>
    </ClCompile>
  </ItemGroup>
</Project>